DEPENDENCIES
  simple_consul_alerts
    git: git://github.com/sudo-recruit/simple_consul_alerts.git
    revision: 7f84770cd03c84ea33bda471fb1d11b8338b3dd0
  sudo_consul
    path: .
    metadata: true

GRAPH
  7-zip (1.0.2)
    windows (>= 1.2.2)
  apt (2.9.2)
  ark (0.9.0)
    7-zip (>= 0.0.0)
    windows (>= 0.0.0)
  bluepill (2.4.1)
    rsyslog (~> 2.0)
  build-essential (2.2.4)
  chef-sugar (3.2.0)
  chef-vault (1.3.2)
  chef_handler (1.2.0)
  chocolatey (0.6.1)
    windows (~> 1.38)
  consul (1.3.1)
    chef-vault (~> 1.3)
    chocolatey (>= 0.0.0)
    firewall (~> 2.0)
    golang (>= 0.0.0)
    libartifact (~> 1.3)
    poise (~> 2.2)
    poise-service (~> 1.0)
    selinux (~> 0.9)
  consul-template (0.9.1)
    ark (>= 0.0.0)
    golang (~> 1.4)
    runit (>= 0.0.0)
  firewall (2.3.0)
    chef-sugar (>= 0.0.0)
  golang (1.7.0)
  libarchive (0.6.1)
    apt (~> 2.5)
    yum-epel (~> 0.6)
  libartifact (1.3.3)
    libarchive (~> 0.6)
    poise (~> 2.2)
  nginx (2.7.6)
    apt (~> 2.2)
    bluepill (~> 2.3)
    build-essential (~> 2.0)
    ohai (~> 2.0)
    runit (~> 1.2)
    yum-epel (~> 0.3)
  ohai (2.0.4)
  packagecloud (0.1.1)
  poise (2.4.0)
  poise-service (1.0.3)
    poise (~> 2.0)
  rsyslog (2.2.0)
  runit (1.7.6)
    packagecloud (>= 0.0.0)
  selinux (0.9.0)
  simple_consul_alerts (0.0.1)
    apt (>= 0.0.0)
    golang (>= 0.0.0)
    poise-service (~> 1.0.3)
  sudo_consul (0.0.1)
    apt (>= 0.0.0)
    consul (~> 1.3.1)
    consul-template (~> 0.9.1)
    nginx (>= 0.0.0)
    simple_consul_alerts (>= 0.0.0)
  windows (1.39.0)
    chef_handler (>= 0.0.0)
  yum (3.8.2)
  yum-epel (0.6.5)
    yum (~> 3.2)
